
Microsoft Visual Studio Solution File, Format Version 12.00
# Visual Studio 15
VisualStudioVersion = 15.0.27703.2047
MinimumVisualStudioVersion = 10.0.40219.1
Project("{FAE04EC0-301F-11D3-BF4B-00C04F79EFBC}") = "AutoImplement", "AutoImplement\AutoImplement.csproj", "{84EDE6E7-7098-4F05-9AB8-9EC8FB24CB6D}"
EndProject
Project("{FAE04EC0-301F-11D3-BF4B-00C04F79EFBC}") = "AutoImplement.Tests", "AutoImplement.Tests\AutoImplement.Tests.csproj", "{61F50AB9-CCB2-4E38-8EB3-61C80DD85F61}"
EndProject
Project("{FAE04EC0-301F-11D3-BF4B-00C04F79EFBC}") = "System.Delegation", "System.Delegation\System.Delegation.csproj", "{B77A226F-8CF4-4BF4-9727-CFE4055BCE5A}"
EndProject
Global
	GlobalSection(SolutionConfigurationPlatforms) = preSolution
		Debug|Any CPU = Debug|Any CPU
		Release|Any CPU = Release|Any CPU
	EndGlobalSection
	GlobalSection(ProjectConfigurationPlatforms) = postSolution
		{84EDE6E7-7098-4F05-9AB8-9EC8FB24CB6D}.Debug|Any CPU.ActiveCfg = Debug|Any CPU
		{84EDE6E7-7098-4F05-9AB8-9EC8FB24CB6D}.Debug|Any CPU.Build.0 = Debug|Any CPU
		{84EDE6E7-7098-4F05-9AB8-9EC8FB24CB6D}.Release|Any CPU.ActiveCfg = Release|Any CPU
		{84EDE6E7-7098-4F05-9AB8-9EC8FB24CB6D}.Release|Any CPU.Build.0 = Release|Any CPU
		{61F50AB9-CCB2-4E38-8EB3-61C80DD85F61}.Debug|Any CPU.ActiveCfg = Debug|Any CPU
		{61F50AB9-CCB2-4E38-8EB3-61C80DD85F61}.Debug|Any CPU.Build.0 = Debug|Any CPU
		{61F50AB9-CCB2-4E38-8EB3-61C80DD85F61}.Release|Any CPU.ActiveCfg = Release|Any CPU
		{61F50AB9-CCB2-4E38-8EB3-61C80DD85F61}.Release|Any CPU.Build.0 = Release|Any CPU
		{B77A226F-8CF4-4BF4-9727-CFE4055BCE5A}.Debug|Any CPU.ActiveCfg = Debug|Any CPU
		{B77A226F-8CF4-4BF4-9727-CFE4055BCE5A}.Debug|Any CPU.Build.0 = Debug|Any CPU
		{B77A226F-8CF4-4BF4-9727-CFE4055BCE5A}.Release|Any CPU.ActiveCfg = Release|Any CPU
		{B77A226F-8CF4-4BF4-9727-CFE4055BCE5A}.Release|Any CPU.Build.0 = Release|Any CPU
	EndGlobalSection
	GlobalSection(SolutionProperties) = preSolution
		HideSolutionNode = FALSE
	EndGlobalSection
	GlobalSection(ExtensibilityGlobals) = postSolution
		SolutionGuid = {C80711F6-7D28-4A3D-ADBD-203A9F432054}
	EndGlobalSection
EndGlobal
